
Microsoft Visual Studio Solution File, Format Version 12.00
# Visual Studio Version 17
VisualStudioVersion = 17.8.34408.163
MinimumVisualStudioVersion = 10.0.40219.1
Project("{2150E333-8FDC-42A3-9474-1A3956D46DE8}") = "SharedKernels", "SharedKernels", "{4D143F94-3F3E-4060-AA27-FACAC437BB72}"
EndProject
Project("{2150E333-8FDC-42A3-9474-1A3956D46DE8}") = "Domain", "Domain", "{57ACD10A-3163-4579-B820-903DDB767B73}"
EndProject
Project("{2150E333-8FDC-42A3-9474-1A3956D46DE8}") = "Infrastructure", "Infrastructure", "{6EBF99EE-1504-4FFE-BE5C-8419113C14AD}"
EndProject
Project("{2150E333-8FDC-42A3-9474-1A3956D46DE8}") = "Application", "Application", "{F36D69FD-5D07-4AFA-9D4D-6E353458E1DD}"
EndProject
Project("{2150E333-8FDC-42A3-9474-1A3956D46DE8}") = "API", "API", "{58442E61-A3AE-48DE-97B8-0C1FD0AD6AD5}"
EndProject
Project("{2150E333-8FDC-42A3-9474-1A3956D46DE8}") = "Persistence", "Persistence", "{6AD6FBDF-EA21-4C35-8945-8AA306C1E008}"
EndProject
Project("{2150E333-8FDC-42A3-9474-1A3956D46DE8}") = "FileStorage", "FileStorage", "{956EC592-D31D-42A4-A697-37A45AA46B0D}"
EndProject
Project("{2150E333-8FDC-42A3-9474-1A3956D46DE8}") = "Email", "Email", "{063072C4-4BC1-4EBD-A747-395228EE951B}"
EndProject
Project("{9A19103F-16F7-4668-BE54-9A1E7A4F7556}") = "EntityFramework", "Infrastructure\Persistence\EntityFramework\EntityFramework.csproj", "{086799ED-72B3-4A44-BB68-F62170CF06AE}"
EndProject
Project("{9A19103F-16F7-4668-BE54-9A1E7A4F7556}") = "SharedKernels", "SharedKernels\SharedKernels.csproj", "{6C86DC6D-408C-4760-A57B-CABD069BEB73}"
EndProject
Project("{9A19103F-16F7-4668-BE54-9A1E7A4F7556}") = "FileLocalStorage", "Infrastructure\FileStorage\FileLocalStorage\FileLocalStorage.csproj", "{DBC7D2C3-0A8C-49D2-9B4C-170370631063}"
EndProject
Project("{9A19103F-16F7-4668-BE54-9A1E7A4F7556}") = "Smtp", "Infrastructure\Email\SMTP\Smtp.csproj", "{65CC437C-F246-4E3D-AC31-668B4C9186C3}"
EndProject
Project("{2150E333-8FDC-42A3-9474-1A3956D46DE8}") = "Scheduler", "Scheduler", "{D7D4AAAC-36EC-40F0-90EA-04C3186DF331}"
EndProject
Project("{9A19103F-16F7-4668-BE54-9A1E7A4F7556}") = "HangFire", "Infrastructure\Scheduler\HangFire\HangFire.csproj", "{58CEF2BE-FBBC-4309-BCA4-6E4D04A576EB}"
EndProject
Project("{9A19103F-16F7-4668-BE54-9A1E7A4F7556}") = "API.BuildingBlocks", "API\API.BuildingBlocks\API.BuildingBlocks.csproj", "{B6F178E7-9526-48DD-8D4E-1A0A858CC753}"
EndProject
Project("{9A19103F-16F7-4668-BE54-9A1E7A4F7556}") = "Application.BuildingBlocks", "Application\Application.BuildingBlocks\Application.BuildingBlocks.csproj", "{98D76C95-CE62-49B8-A89D-491022B8A337}"
EndProject
Project("{9A19103F-16F7-4668-BE54-9A1E7A4F7556}") = "Domain.BuildingBlocks", "Domain\Domain.BuildingBlocks\Domain.BuildingBlocks.csproj", "{4F96E000-F2E3-4928-A24D-1B29A2B52864}"
EndProject
Project("{9A19103F-16F7-4668-BE54-9A1E7A4F7556}") = "API", "API\API\API.csproj", "{73FC1B5B-ACB3-4021-8779-A286D5486604}"
EndProject
Project("{9A19103F-16F7-4668-BE54-9A1E7A4F7556}") = "Application", "Application\Application\Application.csproj", "{2D9A3E71-8174-4FF4-A3D5-4A8F315AD9BF}"
EndProject
Project("{9A19103F-16F7-4668-BE54-9A1E7A4F7556}") = "Domain", "Domain\Domain\Domain.csproj", "{E0888EE0-71B6-4E87-B9EB-CA074B5E714A}"
EndProject
Project("{2150E333-8FDC-42A3-9474-1A3956D46DE8}") = "Identity", "Identity", "{7D4E407E-AA63-42DD-89A9-281A56AE995F}"
EndProject
Project("{9A19103F-16F7-4668-BE54-9A1E7A4F7556}") = "IdentityServer", "Infrastructure\Identity\IdentityServer\IdentityServer.csproj", "{E1D2F978-5896-4442-96A3-D40EC4BDC77D}"
EndProject
Project("{2150E333-8FDC-42A3-9474-1A3956D46DE8}") = "FileGenerators", "FileGenerators", "{707B1EF6-0469-4BB7-99E5-7D2480B964EC}"
EndProject
Project("{9A19103F-16F7-4668-BE54-9A1E7A4F7556}") = "PDF", "Infrastructure\FileGenerator\PDF\PDF.csproj", "{E3184A86-C0C7-4421-B3F9-3704002D23B2}"
EndProject
Project("{9A19103F-16F7-4668-BE54-9A1E7A4F7556}") = "HTML", "Infrastructure\FileGenerator\HTML\HTML.csproj", "{C0C0CBB4-80DD-4B3B-BC51-5B6BCA680983}"
EndProject
Global
	GlobalSection(SolutionConfigurationPlatforms) = preSolution
		Debug|Any CPU = Debug|Any CPU
		Release|Any CPU = Release|Any CPU
	EndGlobalSection
	GlobalSection(ProjectConfigurationPlatforms) = postSolution
		{086799ED-72B3-4A44-BB68-F62170CF06AE}.Debug|Any CPU.ActiveCfg = Debug|Any CPU
		{086799ED-72B3-4A44-BB68-F62170CF06AE}.Debug|Any CPU.Build.0 = Debug|Any CPU
		{086799ED-72B3-4A44-BB68-F62170CF06AE}.Release|Any CPU.ActiveCfg = Release|Any CPU
		{086799ED-72B3-4A44-BB68-F62170CF06AE}.Release|Any CPU.Build.0 = Release|Any CPU
		{6C86DC6D-408C-4760-A57B-CABD069BEB73}.Debug|Any CPU.ActiveCfg = Debug|Any CPU
		{6C86DC6D-408C-4760-A57B-CABD069BEB73}.Debug|Any CPU.Build.0 = Debug|Any CPU
		{6C86DC6D-408C-4760-A57B-CABD069BEB73}.Release|Any CPU.ActiveCfg = Release|Any CPU
		{6C86DC6D-408C-4760-A57B-CABD069BEB73}.Release|Any CPU.Build.0 = Release|Any CPU
		{DBC7D2C3-0A8C-49D2-9B4C-170370631063}.Debug|Any CPU.ActiveCfg = Debug|Any CPU
		{DBC7D2C3-0A8C-49D2-9B4C-170370631063}.Debug|Any CPU.Build.0 = Debug|Any CPU
		{DBC7D2C3-0A8C-49D2-9B4C-170370631063}.Release|Any CPU.ActiveCfg = Release|Any CPU
		{DBC7D2C3-0A8C-49D2-9B4C-170370631063}.Release|Any CPU.Build.0 = Release|Any CPU
		{65CC437C-F246-4E3D-AC31-668B4C9186C3}.Debug|Any CPU.ActiveCfg = Debug|Any CPU
		{65CC437C-F246-4E3D-AC31-668B4C9186C3}.Debug|Any CPU.Build.0 = Debug|Any CPU
		{65CC437C-F246-4E3D-AC31-668B4C9186C3}.Release|Any CPU.ActiveCfg = Release|Any CPU
		{65CC437C-F246-4E3D-AC31-668B4C9186C3}.Release|Any CPU.Build.0 = Release|Any CPU
		{58CEF2BE-FBBC-4309-BCA4-6E4D04A576EB}.Debug|Any CPU.ActiveCfg = Debug|Any CPU
		{58CEF2BE-FBBC-4309-BCA4-6E4D04A576EB}.Debug|Any CPU.Build.0 = Debug|Any CPU
		{58CEF2BE-FBBC-4309-BCA4-6E4D04A576EB}.Release|Any CPU.ActiveCfg = Release|Any CPU
		{58CEF2BE-FBBC-4309-BCA4-6E4D04A576EB}.Release|Any CPU.Build.0 = Release|Any CPU
		{B6F178E7-9526-48DD-8D4E-1A0A858CC753}.Debug|Any CPU.ActiveCfg = Debug|Any CPU
		{B6F178E7-9526-48DD-8D4E-1A0A858CC753}.Debug|Any CPU.Build.0 = Debug|Any CPU
		{B6F178E7-9526-48DD-8D4E-1A0A858CC753}.Release|Any CPU.ActiveCfg = Release|Any CPU
		{B6F178E7-9526-48DD-8D4E-1A0A858CC753}.Release|Any CPU.Build.0 = Release|Any CPU
		{98D76C95-CE62-49B8-A89D-491022B8A337}.Debug|Any CPU.ActiveCfg = Debug|Any CPU
		{98D76C95-CE62-49B8-A89D-491022B8A337}.Debug|Any CPU.Build.0 = Debug|Any CPU
		{98D76C95-CE62-49B8-A89D-491022B8A337}.Release|Any CPU.ActiveCfg = Release|Any CPU
		{98D76C95-CE62-49B8-A89D-491022B8A337}.Release|Any CPU.Build.0 = Release|Any CPU
		{4F96E000-F2E3-4928-A24D-1B29A2B52864}.Debug|Any CPU.ActiveCfg = Debug|Any CPU
		{4F96E000-F2E3-4928-A24D-1B29A2B52864}.Debug|Any CPU.Build.0 = Debug|Any CPU
		{4F96E000-F2E3-4928-A24D-1B29A2B52864}.Release|Any CPU.ActiveCfg = Release|Any CPU
		{4F96E000-F2E3-4928-A24D-1B29A2B52864}.Release|Any CPU.Build.0 = Release|Any CPU
		{73FC1B5B-ACB3-4021-8779-A286D5486604}.Debug|Any CPU.ActiveCfg = Debug|Any CPU
		{73FC1B5B-ACB3-4021-8779-A286D5486604}.Debug|Any CPU.Build.0 = Debug|Any CPU
		{73FC1B5B-ACB3-4021-8779-A286D5486604}.Release|Any CPU.ActiveCfg = Release|Any CPU
		{73FC1B5B-ACB3-4021-8779-A286D5486604}.Release|Any CPU.Build.0 = Release|Any CPU
		{2D9A3E71-8174-4FF4-A3D5-4A8F315AD9BF}.Debug|Any CPU.ActiveCfg = Debug|Any CPU
		{2D9A3E71-8174-4FF4-A3D5-4A8F315AD9BF}.Debug|Any CPU.Build.0 = Debug|Any CPU
		{2D9A3E71-8174-4FF4-A3D5-4A8F315AD9BF}.Release|Any CPU.ActiveCfg = Release|Any CPU
		{2D9A3E71-8174-4FF4-A3D5-4A8F315AD9BF}.Release|Any CPU.Build.0 = Release|Any CPU
		{E0888EE0-71B6-4E87-B9EB-CA074B5E714A}.Debug|Any CPU.ActiveCfg = Debug|Any CPU
		{E0888EE0-71B6-4E87-B9EB-CA074B5E714A}.Debug|Any CPU.Build.0 = Debug|Any CPU
		{E0888EE0-71B6-4E87-B9EB-CA074B5E714A}.Release|Any CPU.ActiveCfg = Release|Any CPU
		{E0888EE0-71B6-4E87-B9EB-CA074B5E714A}.Release|Any CPU.Build.0 = Release|Any CPU
		{E1D2F978-5896-4442-96A3-D40EC4BDC77D}.Debug|Any CPU.ActiveCfg = Debug|Any CPU
		{E1D2F978-5896-4442-96A3-D40EC4BDC77D}.Debug|Any CPU.Build.0 = Debug|Any CPU
		{E1D2F978-5896-4442-96A3-D40EC4BDC77D}.Release|Any CPU.ActiveCfg = Release|Any CPU
		{E1D2F978-5896-4442-96A3-D40EC4BDC77D}.Release|Any CPU.Build.0 = Release|Any CPU
		{E3184A86-C0C7-4421-B3F9-3704002D23B2}.Debug|Any CPU.ActiveCfg = Debug|Any CPU
		{E3184A86-C0C7-4421-B3F9-3704002D23B2}.Debug|Any CPU.Build.0 = Debug|Any CPU
		{E3184A86-C0C7-4421-B3F9-3704002D23B2}.Release|Any CPU.ActiveCfg = Release|Any CPU
		{E3184A86-C0C7-4421-B3F9-3704002D23B2}.Release|Any CPU.Build.0 = Release|Any CPU
		{C0C0CBB4-80DD-4B3B-BC51-5B6BCA680983}.Debug|Any CPU.ActiveCfg = Debug|Any CPU
		{C0C0CBB4-80DD-4B3B-BC51-5B6BCA680983}.Debug|Any CPU.Build.0 = Debug|Any CPU
		{C0C0CBB4-80DD-4B3B-BC51-5B6BCA680983}.Release|Any CPU.ActiveCfg = Release|Any CPU
		{C0C0CBB4-80DD-4B3B-BC51-5B6BCA680983}.Release|Any CPU.Build.0 = Release|Any CPU
	EndGlobalSection
	GlobalSection(SolutionProperties) = preSolution
		HideSolutionNode = FALSE
	EndGlobalSection
	GlobalSection(NestedProjects) = preSolution
		{6AD6FBDF-EA21-4C35-8945-8AA306C1E008} = {6EBF99EE-1504-4FFE-BE5C-8419113C14AD}
		{956EC592-D31D-42A4-A697-37A45AA46B0D} = {6EBF99EE-1504-4FFE-BE5C-8419113C14AD}
		{063072C4-4BC1-4EBD-A747-395228EE951B} = {6EBF99EE-1504-4FFE-BE5C-8419113C14AD}
		{086799ED-72B3-4A44-BB68-F62170CF06AE} = {6AD6FBDF-EA21-4C35-8945-8AA306C1E008}
		{6C86DC6D-408C-4760-A57B-CABD069BEB73} = {4D143F94-3F3E-4060-AA27-FACAC437BB72}
		{DBC7D2C3-0A8C-49D2-9B4C-170370631063} = {956EC592-D31D-42A4-A697-37A45AA46B0D}
		{65CC437C-F246-4E3D-AC31-668B4C9186C3} = {063072C4-4BC1-4EBD-A747-395228EE951B}
		{D7D4AAAC-36EC-40F0-90EA-04C3186DF331} = {6EBF99EE-1504-4FFE-BE5C-8419113C14AD}
		{58CEF2BE-FBBC-4309-BCA4-6E4D04A576EB} = {D7D4AAAC-36EC-40F0-90EA-04C3186DF331}
		{B6F178E7-9526-48DD-8D4E-1A0A858CC753} = {58442E61-A3AE-48DE-97B8-0C1FD0AD6AD5}
		{98D76C95-CE62-49B8-A89D-491022B8A337} = {F36D69FD-5D07-4AFA-9D4D-6E353458E1DD}
		{4F96E000-F2E3-4928-A24D-1B29A2B52864} = {57ACD10A-3163-4579-B820-903DDB767B73}
		{73FC1B5B-ACB3-4021-8779-A286D5486604} = {58442E61-A3AE-48DE-97B8-0C1FD0AD6AD5}
		{2D9A3E71-8174-4FF4-A3D5-4A8F315AD9BF} = {F36D69FD-5D07-4AFA-9D4D-6E353458E1DD}
		{E0888EE0-71B6-4E87-B9EB-CA074B5E714A} = {57ACD10A-3163-4579-B820-903DDB767B73}
		{7D4E407E-AA63-42DD-89A9-281A56AE995F} = {6EBF99EE-1504-4FFE-BE5C-8419113C14AD}
		{E1D2F978-5896-4442-96A3-D40EC4BDC77D} = {7D4E407E-AA63-42DD-89A9-281A56AE995F}
		{707B1EF6-0469-4BB7-99E5-7D2480B964EC} = {6EBF99EE-1504-4FFE-BE5C-8419113C14AD}
		{E3184A86-C0C7-4421-B3F9-3704002D23B2} = {707B1EF6-0469-4BB7-99E5-7D2480B964EC}
		{C0C0CBB4-80DD-4B3B-BC51-5B6BCA680983} = {707B1EF6-0469-4BB7-99E5-7D2480B964EC}
	EndGlobalSection
	GlobalSection(ExtensibilityGlobals) = postSolution
		SolutionGuid = {282A6A2D-A651-4E27-BE4F-ABA555118F62}
	EndGlobalSection
EndGlobal
